// !$*UTF8*$!
{
	archiveVersion = 1;
	classes = {
	};
	objectVersion = 50;
	objects = {

/* Begin PBXBuildFile section */
		2C46A5EB21EF150700B53C12 /* AppDelegate.swift in Sources */ = {isa = PBXBuildFile; fileRef = 2C46A5EA21EF150700B53C12 /* AppDelegate.swift */; };
		2C46A5ED21EF150700B53C12 /* ViewController.swift in Sources */ = {isa = PBXBuildFile; fileRef = 2C46A5EC21EF150700B53C12 /* ViewController.swift */; };
		2C46A5F221EF150900B53C12 /* Assets.xcassets in Resources */ = {isa = PBXBuildFile; fileRef = 2C46A5F121EF150900B53C12 /* Assets.xcassets */; };
		2C46A5F521EF150900B53C12 /* LaunchScreen.storyboard in Resources */ = {isa = PBXBuildFile; fileRef = 2C46A5F321EF150900B53C12 /* LaunchScreen.storyboard */; };
		2C46A60021EF150900B53C12 /* ExampleTODOTests.swift in Sources */ = {isa = PBXBuildFile; fileRef = 2C46A5FF21EF150900B53C12 /* ExampleTODOTests.swift */; };
		2C46A60B21EF150900B53C12 /* ExampleTODOUITests.swift in Sources */ = {isa = PBXBuildFile; fileRef = 2C46A60A21EF150900B53C12 /* ExampleTODOUITests.swift */; };
		2C46A61A21EF159D00B53C12 /* Assembler.swift in Sources */ = {isa = PBXBuildFile; fileRef = 2C46A61921EF159D00B53C12 /* Assembler.swift */; };
		2C46A61C21EF15D700B53C12 /* ApplicationContext.swift in Sources */ = {isa = PBXBuildFile; fileRef = 2C46A61B21EF15D700B53C12 /* ApplicationContext.swift */; };
		2C46A62721EF286400B53C12 /* AllPost.storyboard in Resources */ = {isa = PBXBuildFile; fileRef = 2C46A62621EF286400B53C12 /* AllPost.storyboard */; };
		2C46A62D21EF340D00B53C12 /* AllPostViewController.swift in Sources */ = {isa = PBXBuildFile; fileRef = 2C46A62C21EF340D00B53C12 /* AllPostViewController.swift */; };
		2C46A62F21EF345B00B53C12 /* AllPostNavigator.swift in Sources */ = {isa = PBXBuildFile; fileRef = 2C46A62E21EF345B00B53C12 /* AllPostNavigator.swift */; };
		A4530F552209768B00D01C36 /* CoreDataDAO.swift in Sources */ = {isa = PBXBuildFile; fileRef = A4530F532209768B00D01C36 /* CoreDataDAO.swift */; };
		A4530F562209768B00D01C36 /* TestDataDAO.swift in Sources */ = {isa = PBXBuildFile; fileRef = A4530F542209768B00D01C36 /* TestDataDAO.swift */; };
		A4530F5C2209769300D01C36 /* AllPost.swift in Sources */ = {isa = PBXBuildFile; fileRef = A4530F582209769200D01C36 /* AllPost.swift */; };
		A4530F5D2209769300D01C36 /* AddPost.swift in Sources */ = {isa = PBXBuildFile; fileRef = A4530F592209769200D01C36 /* AddPost.swift */; };
		A4530F5E2209769300D01C36 /* Post.swift in Sources */ = {isa = PBXBuildFile; fileRef = A4530F5B2209769200D01C36 /* Post.swift */; };
		A4530F632209769A00D01C36 /* AddPostViewModel.swift in Sources */ = {isa = PBXBuildFile; fileRef = A4530F5F2209769A00D01C36 /* AddPostViewModel.swift */; };
		A4530F642209769A00D01C36 /* AddPost.storyboard in Resources */ = {isa = PBXBuildFile; fileRef = A4530F602209769A00D01C36 /* AddPost.storyboard */; };
		A4530F652209769A00D01C36 /* AddPostViewController.swift in Sources */ = {isa = PBXBuildFile; fileRef = A4530F612209769A00D01C36 /* AddPostViewController.swift */; };
		A4530F662209769A00D01C36 /* AddPostNavigator.swift in Sources */ = {isa = PBXBuildFile; fileRef = A4530F622209769A00D01C36 /* AddPostNavigator.swift */; };
		A4530F692209776700D01C36 /* AllPostViewModel.swift in Sources */ = {isa = PBXBuildFile; fileRef = A4530F682209776700D01C36 /* AllPostViewModel.swift */; };
		A4530F6D2209777A00D01C36 /* TestApplicationContext.swift in Sources */ = {isa = PBXBuildFile; fileRef = A4530F6A2209777A00D01C36 /* TestApplicationContext.swift */; };
		A4530F6E2209777A00D01C36 /* ViewModel.swift in Sources */ = {isa = PBXBuildFile; fileRef = A4530F6B2209777A00D01C36 /* ViewModel.swift */; };
		A4530F6F2209777A00D01C36 /* ProdApplicationContext.swift in Sources */ = {isa = PBXBuildFile; fileRef = A4530F6C2209777A00D01C36 /* ProdApplicationContext.swift */; };
		A4530F712209779300D01C36 /* Main.storyboard in Resources */ = {isa = PBXBuildFile; fileRef = A4530F702209779300D01C36 /* Main.storyboard */; };
		A4530F7722097BF200D01C36 /* RxCocoa.framework in Frameworks */ = {isa = PBXBuildFile; fileRef = A4530F4F2209764100D01C36 /* RxCocoa.framework */; };
		A4530F7822097BF200D01C36 /* RxCocoa.framework in Embed Frameworks */ = {isa = PBXBuildFile; fileRef = A4530F4F2209764100D01C36 /* RxCocoa.framework */; settings = {ATTRIBUTES = (CodeSignOnCopy, RemoveHeadersOnCopy, ); }; };
		A4530F7922097BF200D01C36 /* RxSwift.framework in Frameworks */ = {isa = PBXBuildFile; fileRef = A4530F502209764100D01C36 /* RxSwift.framework */; };
		A4530F7A22097BF200D01C36 /* RxSwift.framework in Embed Frameworks */ = {isa = PBXBuildFile; fileRef = A4530F502209764100D01C36 /* RxSwift.framework */; settings = {ATTRIBUTES = (CodeSignOnCopy, RemoveHeadersOnCopy, ); }; };
		A4530F7C22098DBB00D01C36 /* RxCocoa.framework in Frameworks */ = {isa = PBXBuildFile; fileRef = A4530F4F2209764100D01C36 /* RxCocoa.framework */; };
		A4530F7D22098DBB00D01C36 /* RxSwift.framework in Frameworks */ = {isa = PBXBuildFile; fileRef = A4530F502209764100D01C36 /* RxSwift.framework */; };
		A74D83ED2293CE650006818E /* WeakRef.swift in Sources */ = {isa = PBXBuildFile; fileRef = A74D83EC2293CE650006818E /* WeakRef.swift */; };
		A74D83EF2293CF050006818E /* Zip3.swift in Sources */ = {isa = PBXBuildFile; fileRef = A74D83EE2293CF050006818E /* Zip3.swift */; };
		A74D83F12293CFCF0006818E /* Queue.swift in Sources */ = {isa = PBXBuildFile; fileRef = A74D83F02293CFCF0006818E /* Queue.swift */; };
		A74D83F52293DA880006818E /* UtilTests.swift in Sources */ = {isa = PBXBuildFile; fileRef = A74D83F42293DA880006818E /* UtilTests.swift */; };
		A74D83F72293E3570006818E /* Extensions.swift in Sources */ = {isa = PBXBuildFile; fileRef = A74D83F62293E3570006818E /* Extensions.swift */; };
		A79CE076229D1EFF00C6B9C2 /* BaseViewController.swift in Sources */ = {isa = PBXBuildFile; fileRef = A79CE075229D1EFF00C6B9C2 /* BaseViewController.swift */; };
		A79CE078229D1F1400C6B9C2 /* BaseViewModel.swift in Sources */ = {isa = PBXBuildFile; fileRef = A79CE077229D1F1400C6B9C2 /* BaseViewModel.swift */; };
		A79CE07A229D2BDE00C6B9C2 /* BaseNavigator.swift in Sources */ = {isa = PBXBuildFile; fileRef = A79CE079229D2BDE00C6B9C2 /* BaseNavigator.swift */; };
		A79CE07C229D302F00C6B9C2 /* DispatchQueue.swift in Sources */ = {isa = PBXBuildFile; fileRef = A79CE07B229D302F00C6B9C2 /* DispatchQueue.swift */; };
/* End PBXBuildFile section */

/* Begin PBXContainerItemProxy section */
		2C46A5FC21EF150900B53C12 /* PBXContainerItemProxy */ = {
			isa = PBXContainerItemProxy;
			containerPortal = 2C46A5DF21EF150700B53C12 /* Project object */;
			proxyType = 1;
			remoteGlobalIDString = 2C46A5E621EF150700B53C12;
			remoteInfo = ExampleTODO;
		};
		2C46A60721EF150900B53C12 /* PBXContainerItemProxy */ = {
			isa = PBXContainerItemProxy;
			containerPortal = 2C46A5DF21EF150700B53C12 /* Project object */;
			proxyType = 1;
			remoteGlobalIDString = 2C46A5E621EF150700B53C12;
			remoteInfo = ExampleTODO;
		};
/* End PBXContainerItemProxy section */

/* Begin PBXCopyFilesBuildPhase section */
		A4530F7B22097BF300D01C36 /* Embed Frameworks */ = {
			isa = PBXCopyFilesBuildPhase;
			buildActionMask = 2147483647;
			dstPath = "";
			dstSubfolderSpec = 10;
			files = (
				A4530F7A22097BF200D01C36 /* RxSwift.framework in Embed Frameworks */,
				A4530F7822097BF200D01C36 /* RxCocoa.framework in Embed Frameworks */,
			);
			name = "Embed Frameworks";
			runOnlyForDeploymentPostprocessing = 0;
		};
/* End PBXCopyFilesBuildPhase section */

/* Begin PBXFileReference section */
		2C46A5E721EF150700B53C12 /* ExampleTODO.app */ = {isa = PBXFileReference; explicitFileType = wrapper.application; includeInIndex = 0; path = ExampleTODO.app; sourceTree = BUILT_PRODUCTS_DIR; };
		2C46A5EA21EF150700B53C12 /* AppDelegate.swift */ = {isa = PBXFileReference; lastKnownFileType = sourcecode.swift; path = AppDelegate.swift; sourceTree = "<group>"; };
		2C46A5EC21EF150700B53C12 /* ViewController.swift */ = {isa = PBXFileReference; lastKnownFileType = sourcecode.swift; path = ViewController.swift; sourceTree = "<group>"; };
		2C46A5F121EF150900B53C12 /* Assets.xcassets */ = {isa = PBXFileReference; lastKnownFileType = folder.assetcatalog; path = Assets.xcassets; sourceTree = "<group>"; };
		2C46A5F421EF150900B53C12 /* Base */ = {isa = PBXFileReference; lastKnownFileType = file.storyboard; name = Base; path = Base.lproj/LaunchScreen.storyboard; sourceTree = "<group>"; };
		2C46A5F621EF150900B53C12 /* Info.plist */ = {isa = PBXFileReference; lastKnownFileType = text.plist.xml; path = Info.plist; sourceTree = "<group>"; };
		2C46A5FB21EF150900B53C12 /* ExampleTODOTests.xctest */ = {isa = PBXFileReference; explicitFileType = wrapper.cfbundle; includeInIndex = 0; path = ExampleTODOTests.xctest; sourceTree = BUILT_PRODUCTS_DIR; };
		2C46A5FF21EF150900B53C12 /* ExampleTODOTests.swift */ = {isa = PBXFileReference; lastKnownFileType = sourcecode.swift; path = ExampleTODOTests.swift; sourceTree = "<group>"; };
		2C46A60121EF150900B53C12 /* Info.plist */ = {isa = PBXFileReference; lastKnownFileType = text.plist.xml; path = Info.plist; sourceTree = "<group>"; };
		2C46A60621EF150900B53C12 /* ExampleTODOUITests.xctest */ = {isa = PBXFileReference; explicitFileType = wrapper.cfbundle; includeInIndex = 0; path = ExampleTODOUITests.xctest; sourceTree = BUILT_PRODUCTS_DIR; };
		2C46A60A21EF150900B53C12 /* ExampleTODOUITests.swift */ = {isa = PBXFileReference; lastKnownFileType = sourcecode.swift; path = ExampleTODOUITests.swift; sourceTree = "<group>"; };
		2C46A60C21EF150900B53C12 /* Info.plist */ = {isa = PBXFileReference; lastKnownFileType = text.plist.xml; path = Info.plist; sourceTree = "<group>"; };
		2C46A61921EF159D00B53C12 /* Assembler.swift */ = {isa = PBXFileReference; lastKnownFileType = sourcecode.swift; path = Assembler.swift; sourceTree = "<group>"; };
		2C46A61B21EF15D700B53C12 /* ApplicationContext.swift */ = {isa = PBXFileReference; lastKnownFileType = sourcecode.swift; path = ApplicationContext.swift; sourceTree = "<group>"; };
		2C46A62621EF286400B53C12 /* AllPost.storyboard */ = {isa = PBXFileReference; lastKnownFileType = file.storyboard; path = AllPost.storyboard; sourceTree = "<group>"; };
		2C46A62C21EF340D00B53C12 /* AllPostViewController.swift */ = {isa = PBXFileReference; lastKnownFileType = sourcecode.swift; path = AllPostViewController.swift; sourceTree = "<group>"; };
		2C46A62E21EF345B00B53C12 /* AllPostNavigator.swift */ = {isa = PBXFileReference; lastKnownFileType = sourcecode.swift; path = AllPostNavigator.swift; sourceTree = "<group>"; };
		A4530F4F2209764100D01C36 /* RxCocoa.framework */ = {isa = PBXFileReference; lastKnownFileType = wrapper.framework; name = RxCocoa.framework; path = Carthage/Build/iOS/RxCocoa.framework; sourceTree = "<group>"; };
		A4530F502209764100D01C36 /* RxSwift.framework */ = {isa = PBXFileReference; lastKnownFileType = wrapper.framework; name = RxSwift.framework; path = Carthage/Build/iOS/RxSwift.framework; sourceTree = "<group>"; };
		A4530F532209768B00D01C36 /* CoreDataDAO.swift */ = {isa = PBXFileReference; fileEncoding = 4; lastKnownFileType = sourcecode.swift; path = CoreDataDAO.swift; sourceTree = "<group>"; };
		A4530F542209768B00D01C36 /* TestDataDAO.swift */ = {isa = PBXFileReference; fileEncoding = 4; lastKnownFileType = sourcecode.swift; path = TestDataDAO.swift; sourceTree = "<group>"; };
		A4530F582209769200D01C36 /* AllPost.swift */ = {isa = PBXFileReference; fileEncoding = 4; lastKnownFileType = sourcecode.swift; path = AllPost.swift; sourceTree = "<group>"; };
		A4530F592209769200D01C36 /* AddPost.swift */ = {isa = PBXFileReference; fileEncoding = 4; lastKnownFileType = sourcecode.swift; path = AddPost.swift; sourceTree = "<group>"; };
		A4530F5B2209769200D01C36 /* Post.swift */ = {isa = PBXFileReference; fileEncoding = 4; lastKnownFileType = sourcecode.swift; path = Post.swift; sourceTree = "<group>"; };
		A4530F5F2209769A00D01C36 /* AddPostViewModel.swift */ = {isa = PBXFileReference; fileEncoding = 4; lastKnownFileType = sourcecode.swift; path = AddPostViewModel.swift; sourceTree = "<group>"; };
		A4530F602209769A00D01C36 /* AddPost.storyboard */ = {isa = PBXFileReference; fileEncoding = 4; lastKnownFileType = file.storyboard; path = AddPost.storyboard; sourceTree = "<group>"; };
		A4530F612209769A00D01C36 /* AddPostViewController.swift */ = {isa = PBXFileReference; fileEncoding = 4; lastKnownFileType = sourcecode.swift; path = AddPostViewController.swift; sourceTree = "<group>"; };
		A4530F622209769A00D01C36 /* AddPostNavigator.swift */ = {isa = PBXFileReference; fileEncoding = 4; lastKnownFileType = sourcecode.swift; path = AddPostNavigator.swift; sourceTree = "<group>"; };
		A4530F682209776700D01C36 /* AllPostViewModel.swift */ = {isa = PBXFileReference; fileEncoding = 4; lastKnownFileType = sourcecode.swift; path = AllPostViewModel.swift; sourceTree = "<group>"; };
		A4530F6A2209777A00D01C36 /* TestApplicationContext.swift */ = {isa = PBXFileReference; fileEncoding = 4; lastKnownFileType = sourcecode.swift; path = TestApplicationContext.swift; sourceTree = "<group>"; };
		A4530F6B2209777A00D01C36 /* ViewModel.swift */ = {isa = PBXFileReference; fileEncoding = 4; lastKnownFileType = sourcecode.swift; path = ViewModel.swift; sourceTree = "<group>"; };
		A4530F6C2209777A00D01C36 /* ProdApplicationContext.swift */ = {isa = PBXFileReference; fileEncoding = 4; lastKnownFileType = sourcecode.swift; path = ProdApplicationContext.swift; sourceTree = "<group>"; };
		A4530F702209779300D01C36 /* Main.storyboard */ = {isa = PBXFileReference; fileEncoding = 4; lastKnownFileType = file.storyboard; path = Main.storyboard; sourceTree = "<group>"; };
		A74D83EC2293CE650006818E /* WeakRef.swift */ = {isa = PBXFileReference; lastKnownFileType = sourcecode.swift; path = WeakRef.swift; sourceTree = "<group>"; };
		A74D83EE2293CF050006818E /* Zip3.swift */ = {isa = PBXFileReference; lastKnownFileType = sourcecode.swift; path = Zip3.swift; sourceTree = "<group>"; };
		A74D83F02293CFCF0006818E /* Queue.swift */ = {isa = PBXFileReference; lastKnownFileType = sourcecode.swift; path = Queue.swift; sourceTree = "<group>"; };
		A74D83F42293DA880006818E /* UtilTests.swift */ = {isa = PBXFileReference; lastKnownFileType = sourcecode.swift; path = UtilTests.swift; sourceTree = "<group>"; };
		A74D83F62293E3570006818E /* Extensions.swift */ = {isa = PBXFileReference; lastKnownFileType = sourcecode.swift; path = Extensions.swift; sourceTree = "<group>"; };
		A79CE075229D1EFF00C6B9C2 /* BaseViewController.swift */ = {isa = PBXFileReference; lastKnownFileType = sourcecode.swift; path = BaseViewController.swift; sourceTree = "<group>"; };
		A79CE077229D1F1400C6B9C2 /* BaseViewModel.swift */ = {isa = PBXFileReference; lastKnownFileType = sourcecode.swift; path = BaseViewModel.swift; sourceTree = "<group>"; };
		A79CE079229D2BDE00C6B9C2 /* BaseNavigator.swift */ = {isa = PBXFileReference; lastKnownFileType = sourcecode.swift; path = BaseNavigator.swift; sourceTree = "<group>"; };
		A79CE07B229D302F00C6B9C2 /* DispatchQueue.swift */ = {isa = PBXFileReference; lastKnownFileType = sourcecode.swift; path = DispatchQueue.swift; sourceTree = "<group>"; };
/* End PBXFileReference section */

/* Begin PBXFrameworksBuildPhase section */
		2C46A5E421EF150700B53C12 /* Frameworks */ = {
			isa = PBXFrameworksBuildPhase;
			buildActionMask = 2147483647;
			files = (
				A4530F7922097BF200D01C36 /* RxSwift.framework in Frameworks */,
				A4530F7722097BF200D01C36 /* RxCocoa.framework in Frameworks */,
			);
			runOnlyForDeploymentPostprocessing = 0;
		};
		2C46A5F821EF150900B53C12 /* Frameworks */ = {
			isa = PBXFrameworksBuildPhase;
			buildActionMask = 2147483647;
			files = (
				A4530F7C22098DBB00D01C36 /* RxCocoa.framework in Frameworks */,
				A4530F7D22098DBB00D01C36 /* RxSwift.framework in Frameworks */,
			);
			runOnlyForDeploymentPostprocessing = 0;
		};
		2C46A60321EF150900B53C12 /* Frameworks */ = {
			isa = PBXFrameworksBuildPhase;
			buildActionMask = 2147483647;
			files = (
			);
			runOnlyForDeploymentPostprocessing = 0;
		};
/* End PBXFrameworksBuildPhase section */

/* Begin PBXGroup section */
		2C46A5DE21EF150700B53C12 = {
			isa = PBXGroup;
			children = (
				2C46A5E921EF150700B53C12 /* ExampleTODO */,
				2C46A5FE21EF150900B53C12 /* ExampleTODOTests */,
				2C46A60921EF150900B53C12 /* ExampleTODOUITests */,
				2C46A5E821EF150700B53C12 /* Products */,
				A4530F4E2209764100D01C36 /* Frameworks */,
			);
			sourceTree = "<group>";
		};
		2C46A5E821EF150700B53C12 /* Products */ = {
			isa = PBXGroup;
			children = (
				2C46A5E721EF150700B53C12 /* ExampleTODO.app */,
				2C46A5FB21EF150900B53C12 /* ExampleTODOTests.xctest */,
				2C46A60621EF150900B53C12 /* ExampleTODOUITests.xctest */,
			);
			name = Products;
			sourceTree = "<group>";
		};
		2C46A5E921EF150700B53C12 /* ExampleTODO */ = {
			isa = PBXGroup;
			children = (
				2C46A61821EF158C00B53C12 /* Commons */,
				2C46A62B21EF28DC00B53C12 /* Repository */,
				2C46A62A21EF28B500B53C12 /* Domain */,
				2C46A62221EF277000B53C12 /* Scenes */,
				2C46A5EA21EF150700B53C12 /* AppDelegate.swift */,
				2C46A5EC21EF150700B53C12 /* ViewController.swift */,
				2C46A5F121EF150900B53C12 /* Assets.xcassets */,
				A4530F702209779300D01C36 /* Main.storyboard */,
				2C46A5F321EF150900B53C12 /* LaunchScreen.storyboard */,
				2C46A5F621EF150900B53C12 /* Info.plist */,
			);
			path = ExampleTODO;
			sourceTree = "<group>";
		};
		2C46A5FE21EF150900B53C12 /* ExampleTODOTests */ = {
			isa = PBXGroup;
			children = (
				2C46A5FF21EF150900B53C12 /* ExampleTODOTests.swift */,
				2C46A60121EF150900B53C12 /* Info.plist */,
				A74D83F42293DA880006818E /* UtilTests.swift */,
			);
			path = ExampleTODOTests;
			sourceTree = "<group>";
		};
		2C46A60921EF150900B53C12 /* ExampleTODOUITests */ = {
			isa = PBXGroup;
			children = (
				2C46A60A21EF150900B53C12 /* ExampleTODOUITests.swift */,
				2C46A60C21EF150900B53C12 /* Info.plist */,
			);
			path = ExampleTODOUITests;
			sourceTree = "<group>";
		};
		2C46A61821EF158C00B53C12 /* Commons */ = {
			isa = PBXGroup;
			children = (
				A74D83EB2293CE4B0006818E /* Utils */,
				2C46A61921EF159D00B53C12 /* Assembler.swift */,
				2C46A61B21EF15D700B53C12 /* ApplicationContext.swift */,
				A4530F6C2209777A00D01C36 /* ProdApplicationContext.swift */,
				A4530F6A2209777A00D01C36 /* TestApplicationContext.swift */,
				A4530F6B2209777A00D01C36 /* ViewModel.swift */,
			);
			path = Commons;
			sourceTree = "<group>";
		};
		2C46A62221EF277000B53C12 /* Scenes */ = {
			isa = PBXGroup;
			children = (
				A79CE074229D1EBA00C6B9C2 /* Base */,
				2C46A62321EF278200B53C12 /* AllPost */,
				2C46A62421EF27B000B53C12 /* AddPost */,
				A4530F672209773B00D01C36 /* DetailPost */,
			);
			path = Scenes;
			sourceTree = "<group>";
		};
		2C46A62321EF278200B53C12 /* AllPost */ = {
			isa = PBXGroup;
			children = (
				2C46A62621EF286400B53C12 /* AllPost.storyboard */,
				2C46A62C21EF340D00B53C12 /* AllPostViewController.swift */,
				A4530F682209776700D01C36 /* AllPostViewModel.swift */,
				2C46A62E21EF345B00B53C12 /* AllPostNavigator.swift */,
			);
			path = AllPost;
			sourceTree = "<group>";
		};
		2C46A62421EF27B000B53C12 /* AddPost */ = {
			isa = PBXGroup;
			children = (
				A4530F602209769A00D01C36 /* AddPost.storyboard */,
				A4530F612209769A00D01C36 /* AddPostViewController.swift */,
				A4530F5F2209769A00D01C36 /* AddPostViewModel.swift */,
				A4530F622209769A00D01C36 /* AddPostNavigator.swift */,
			);
			path = AddPost;
			sourceTree = "<group>";
		};
		2C46A62A21EF28B500B53C12 /* Domain */ = {
			isa = PBXGroup;
			children = (
				A4530F5A2209769200D01C36 /* Entity */,
				A4530F572209769200D01C36 /* Usecase */,
			);
			path = Domain;
			sourceTree = "<group>";
		};
		2C46A62B21EF28DC00B53C12 /* Repository */ = {
			isa = PBXGroup;
			children = (
				A4530F532209768B00D01C36 /* CoreDataDAO.swift */,
				A4530F542209768B00D01C36 /* TestDataDAO.swift */,
			);
			path = Repository;
			sourceTree = "<group>";
		};
		A4530F4E2209764100D01C36 /* Frameworks */ = {
			isa = PBXGroup;
			children = (
				A4530F4F2209764100D01C36 /* RxCocoa.framework */,
				A4530F502209764100D01C36 /* RxSwift.framework */,
			);
			name = Frameworks;
			sourceTree = "<group>";
		};
		A4530F572209769200D01C36 /* Usecase */ = {
			isa = PBXGroup;
			children = (
				A4530F582209769200D01C36 /* AllPost.swift */,
				A4530F592209769200D01C36 /* AddPost.swift */,
			);
			path = Usecase;
			sourceTree = "<group>";
		};
		A4530F5A2209769200D01C36 /* Entity */ = {
			isa = PBXGroup;
			children = (
				A4530F5B2209769200D01C36 /* Post.swift */,
			);
			path = Entity;
			sourceTree = "<group>";
		};
		A4530F672209773B00D01C36 /* DetailPost */ = {
			isa = PBXGroup;
			children = (
			);
			path = DetailPost;
			sourceTree = "<group>";
		};
		A74D83EB2293CE4B0006818E /* Utils */ = {
			isa = PBXGroup;
			children = (
				A74D83EC2293CE650006818E /* WeakRef.swift */,
				A74D83EE2293CF050006818E /* Zip3.swift */,
				A74D83F02293CFCF0006818E /* Queue.swift */,
				A74D83F62293E3570006818E /* Extensions.swift */,
				A79CE07B229D302F00C6B9C2 /* DispatchQueue.swift */,
			);
			path = Utils;
			sourceTree = "<group>";
		};
		A79CE074229D1EBA00C6B9C2 /* Base */ = {
			isa = PBXGroup;
			children = (
				A79CE075229D1EFF00C6B9C2 /* BaseViewController.swift */,
				A79CE077229D1F1400C6B9C2 /* BaseViewModel.swift */,
				A79CE079229D2BDE00C6B9C2 /* BaseNavigator.swift */,
			);
			path = Base;
			sourceTree = "<group>";
		};
/* End PBXGroup section */

/* Begin PBXNativeTarget section */
		2C46A5E621EF150700B53C12 /* ExampleTODO */ = {
			isa = PBXNativeTarget;
			buildConfigurationList = 2C46A60F21EF150900B53C12 /* Build configuration list for PBXNativeTarget "ExampleTODO" */;
			buildPhases = (
				2C46A5E321EF150700B53C12 /* Sources */,
				2C46A5E421EF150700B53C12 /* Frameworks */,
				2C46A5E521EF150700B53C12 /* Resources */,
				A4530F7B22097BF300D01C36 /* Embed Frameworks */,
			);
			buildRules = (
			);
			dependencies = (
			);
			name = ExampleTODO;
			productName = ExampleTODO;
			productReference = 2C46A5E721EF150700B53C12 /* ExampleTODO.app */;
			productType = "com.apple.product-type.application";
		};
		2C46A5FA21EF150900B53C12 /* ExampleTODOTests */ = {
			isa = PBXNativeTarget;
			buildConfigurationList = 2C46A61221EF150900B53C12 /* Build configuration list for PBXNativeTarget "ExampleTODOTests" */;
			buildPhases = (
				2C46A5F721EF150900B53C12 /* Sources */,
				2C46A5F821EF150900B53C12 /* Frameworks */,
				2C46A5F921EF150900B53C12 /* Resources */,
			);
			buildRules = (
			);
			dependencies = (
				2C46A5FD21EF150900B53C12 /* PBXTargetDependency */,
			);
			name = ExampleTODOTests;
			productName = ExampleTODOTests;
			productReference = 2C46A5FB21EF150900B53C12 /* ExampleTODOTests.xctest */;
			productType = "com.apple.product-type.bundle.unit-test";
		};
		2C46A60521EF150900B53C12 /* ExampleTODOUITests */ = {
			isa = PBXNativeTarget;
			buildConfigurationList = 2C46A61521EF150900B53C12 /* Build configuration list for PBXNativeTarget "ExampleTODOUITests" */;
			buildPhases = (
				2C46A60221EF150900B53C12 /* Sources */,
				2C46A60321EF150900B53C12 /* Frameworks */,
				2C46A60421EF150900B53C12 /* Resources */,
			);
			buildRules = (
			);
			dependencies = (
				2C46A60821EF150900B53C12 /* PBXTargetDependency */,
			);
			name = ExampleTODOUITests;
			productName = ExampleTODOUITests;
			productReference = 2C46A60621EF150900B53C12 /* ExampleTODOUITests.xctest */;
			productType = "com.apple.product-type.bundle.ui-testing";
		};
/* End PBXNativeTarget section */

/* Begin PBXProject section */
		2C46A5DF21EF150700B53C12 /* Project object */ = {
			isa = PBXProject;
			attributes = {
				LastSwiftUpdateCheck = 1010;
				LastUpgradeCheck = 1010;
				ORGANIZATIONNAME = "이영주";
				TargetAttributes = {
					2C46A5E621EF150700B53C12 = {
						CreatedOnToolsVersion = 10.1;
					};
					2C46A5FA21EF150900B53C12 = {
						CreatedOnToolsVersion = 10.1;
						TestTargetID = 2C46A5E621EF150700B53C12;
					};
					2C46A60521EF150900B53C12 = {
						CreatedOnToolsVersion = 10.1;
						TestTargetID = 2C46A5E621EF150700B53C12;
					};
				};
			};
			buildConfigurationList = 2C46A5E221EF150700B53C12 /* Build configuration list for PBXProject "ExampleTODO" */;
			compatibilityVersion = "Xcode 9.3";
			developmentRegion = en;
			hasScannedForEncodings = 0;
			knownRegions = (
				en,
				Base,
			);
			mainGroup = 2C46A5DE21EF150700B53C12;
			productRefGroup = 2C46A5E821EF150700B53C12 /* Products */;
			projectDirPath = "";
			projectRoot = "";
			targets = (
				2C46A5E621EF150700B53C12 /* ExampleTODO */,
				2C46A5FA21EF150900B53C12 /* ExampleTODOTests */,
				2C46A60521EF150900B53C12 /* ExampleTODOUITests */,
			);
		};
/* End PBXProject section */

/* Begin PBXResourcesBuildPhase section */
		2C46A5E521EF150700B53C12 /* Resources */ = {
			isa = PBXResourcesBuildPhase;
			buildActionMask = 2147483647;
			files = (
				2C46A62721EF286400B53C12 /* AllPost.storyboard in Resources */,
				2C46A5F521EF150900B53C12 /* LaunchScreen.storyboard in Resources */,
				A4530F642209769A00D01C36 /* AddPost.storyboard in Resources */,
				A4530F712209779300D01C36 /* Main.storyboard in Resources */,
				2C46A5F221EF150900B53C12 /* Assets.xcassets in Resources */,
			);
			runOnlyForDeploymentPostprocessing = 0;
		};
		2C46A5F921EF150900B53C12 /* Resources */ = {
			isa = PBXResourcesBuildPhase;
			buildActionMask = 2147483647;
			files = (
			);
			runOnlyForDeploymentPostprocessing = 0;
		};
		2C46A60421EF150900B53C12 /* Resources */ = {
			isa = PBXResourcesBuildPhase;
			buildActionMask = 2147483647;
			files = (
			);
			runOnlyForDeploymentPostprocessing = 0;
		};
/* End PBXResourcesBuildPhase section */

/* Begin PBXSourcesBuildPhase section */
		2C46A5E321EF150700B53C12 /* Sources */ = {
			isa = PBXSourcesBuildPhase;
			buildActionMask = 2147483647;
			files = (
				A4530F6D2209777A00D01C36 /* TestApplicationContext.swift in Sources */,
				A74D83F12293CFCF0006818E /* Queue.swift in Sources */,
				A4530F5C2209769300D01C36 /* AllPost.swift in Sources */,
				A79CE076229D1EFF00C6B9C2 /* BaseViewController.swift in Sources */,
				A79CE07A229D2BDE00C6B9C2 /* BaseNavigator.swift in Sources */,
				A4530F5E2209769300D01C36 /* Post.swift in Sources */,
				A79CE078229D1F1400C6B9C2 /* BaseViewModel.swift in Sources */,
				2C46A61C21EF15D700B53C12 /* ApplicationContext.swift in Sources */,
				A74D83ED2293CE650006818E /* WeakRef.swift in Sources */,
				A4530F662209769A00D01C36 /* AddPostNavigator.swift in Sources */,
				2C46A62F21EF345B00B53C12 /* AllPostNavigator.swift in Sources */,
				A79CE07C229D302F00C6B9C2 /* DispatchQueue.swift in Sources */,
				A4530F6E2209777A00D01C36 /* ViewModel.swift in Sources */,
				A74D83F72293E3570006818E /* Extensions.swift in Sources */,
				A4530F6F2209777A00D01C36 /* ProdApplicationContext.swift in Sources */,
				A4530F652209769A00D01C36 /* AddPostViewController.swift in Sources */,
				A4530F632209769A00D01C36 /* AddPostViewModel.swift in Sources */,
				A4530F562209768B00D01C36 /* TestDataDAO.swift in Sources */,
				2C46A5ED21EF150700B53C12 /* ViewController.swift in Sources */,
				A4530F692209776700D01C36 /* AllPostViewModel.swift in Sources */,
				A4530F5D2209769300D01C36 /* AddPost.swift in Sources */,
				A74D83EF2293CF050006818E /* Zip3.swift in Sources */,
				2C46A62D21EF340D00B53C12 /* AllPostViewController.swift in Sources */,
				A4530F552209768B00D01C36 /* CoreDataDAO.swift in Sources */,
				2C46A61A21EF159D00B53C12 /* Assembler.swift in Sources */,
				2C46A5EB21EF150700B53C12 /* AppDelegate.swift in Sources */,
			);
			runOnlyForDeploymentPostprocessing = 0;
		};
		2C46A5F721EF150900B53C12 /* Sources */ = {
			isa = PBXSourcesBuildPhase;
			buildActionMask = 2147483647;
			files = (
				2C46A60021EF150900B53C12 /* ExampleTODOTests.swift in Sources */,
				A74D83F52293DA880006818E /* UtilTests.swift in Sources */,
			);
			runOnlyForDeploymentPostprocessing = 0;
		};
		2C46A60221EF150900B53C12 /* Sources */ = {
			isa = PBXSourcesBuildPhase;
			buildActionMask = 2147483647;
			files = (
				2C46A60B21EF150900B53C12 /* ExampleTODOUITests.swift in Sources */,
			);
			runOnlyForDeploymentPostprocessing = 0;
		};
/* End PBXSourcesBuildPhase section */

/* Begin PBXTargetDependency section */
		2C46A5FD21EF150900B53C12 /* PBXTargetDependency */ = {
			isa = PBXTargetDependency;
			target = 2C46A5E621EF150700B53C12 /* ExampleTODO */;
			targetProxy = 2C46A5FC21EF150900B53C12 /* PBXContainerItemProxy */;
		};
		2C46A60821EF150900B53C12 /* PBXTargetDependency */ = {
			isa = PBXTargetDependency;
			target = 2C46A5E621EF150700B53C12 /* ExampleTODO */;
			targetProxy = 2C46A60721EF150900B53C12 /* PBXContainerItemProxy */;
		};
/* End PBXTargetDependency section */

/* Begin PBXVariantGroup section */
		2C46A5F321EF150900B53C12 /* LaunchScreen.storyboard */ = {
			isa = PBXVariantGroup;
			children = (
				2C46A5F421EF150900B53C12 /* Base */,
			);
			name = LaunchScreen.storyboard;
			sourceTree = "<group>";
		};
/* End PBXVariantGroup section */

/* Begin XCBuildConfiguration section */
		2C46A60D21EF150900B53C12 /* Debug */ = {
			isa = XCBuildConfiguration;
			buildSettings = {
				ALWAYS_SEARCH_USER_PATHS = NO;
				CLANG_ANALYZER_NONNULL = YES;
				CLANG_ANALYZER_NUMBER_OBJECT_CONVERSION = YES_AGGRESSIVE;
				CLANG_CXX_LANGUAGE_STANDARD = "gnu++14";
				CLANG_CXX_LIBRARY = "libc++";
				CLANG_ENABLE_MODULES = YES;
				CLANG_ENABLE_OBJC_ARC = YES;
				CLANG_ENABLE_OBJC_WEAK = YES;
				CLANG_WARN_BLOCK_CAPTURE_AUTORELEASING = YES;
				CLANG_WARN_BOOL_CONVERSION = YES;
				CLANG_WARN_COMMA = YES;
				CLANG_WARN_CONSTANT_CONVERSION = YES;
				CLANG_WARN_DEPRECATED_OBJC_IMPLEMENTATIONS = YES;
				CLANG_WARN_DIRECT_OBJC_ISA_USAGE = YES_ERROR;
				CLANG_WARN_DOCUMENTATION_COMMENTS = YES;
				CLANG_WARN_EMPTY_BODY = YES;
				CLANG_WARN_ENUM_CONVERSION = YES;
				CLANG_WARN_INFINITE_RECURSION = YES;
				CLANG_WARN_INT_CONVERSION = YES;
				CLANG_WARN_NON_LITERAL_NULL_CONVERSION = YES;
				CLANG_WARN_OBJC_IMPLICIT_RETAIN_SELF = YES;
				CLANG_WARN_OBJC_LITERAL_CONVERSION = YES;
				CLANG_WARN_OBJC_ROOT_CLASS = YES_ERROR;
				CLANG_WARN_RANGE_LOOP_ANALYSIS = YES;
				CLANG_WARN_STRICT_PROTOTYPES = YES;
				CLANG_WARN_SUSPICIOUS_MOVE = YES;
				CLANG_WARN_UNGUARDED_AVAILABILITY = YES_AGGRESSIVE;
				CLANG_WARN_UNREACHABLE_CODE = YES;
				CLANG_WARN__DUPLICATE_METHOD_MATCH = YES;
				CODE_SIGN_IDENTITY = "iPhone Developer";
				COPY_PHASE_STRIP = NO;
				DEBUG_INFORMATION_FORMAT = dwarf;
				ENABLE_STRICT_OBJC_MSGSEND = YES;
				ENABLE_TESTABILITY = YES;
				GCC_C_LANGUAGE_STANDARD = gnu11;
				GCC_DYNAMIC_NO_PIC = NO;
				GCC_NO_COMMON_BLOCKS = YES;
				GCC_OPTIMIZATION_LEVEL = 0;
				GCC_PREPROCESSOR_DEFINITIONS = (
					"DEBUG=1",
					"$(inherited)",
				);
				GCC_WARN_64_TO_32_BIT_CONVERSION = YES;
				GCC_WARN_ABOUT_RETURN_TYPE = YES_ERROR;
				GCC_WARN_UNDECLARED_SELECTOR = YES;
				GCC_WARN_UNINITIALIZED_AUTOS = YES_AGGRESSIVE;
				GCC_WARN_UNUSED_FUNCTION = YES;
				GCC_WARN_UNUSED_VARIABLE = YES;
				IPHONEOS_DEPLOYMENT_TARGET = 12.1;
				MTL_ENABLE_DEBUG_INFO = INCLUDE_SOURCE;
				MTL_FAST_MATH = YES;
				ONLY_ACTIVE_ARCH = YES;
				SDKROOT = iphoneos;
				SWIFT_ACTIVE_COMPILATION_CONDITIONS = DEBUG;
				SWIFT_OPTIMIZATION_LEVEL = "-Onone";
			};
			name = Debug;
		};
		2C46A60E21EF150900B53C12 /* Release */ = {
			isa = XCBuildConfiguration;
			buildSettings = {
				ALWAYS_SEARCH_USER_PATHS = NO;
				CLANG_ANALYZER_NONNULL = YES;
				CLANG_ANALYZER_NUMBER_OBJECT_CONVERSION = YES_AGGRESSIVE;
				CLANG_CXX_LANGUAGE_STANDARD = "gnu++14";
				CLANG_CXX_LIBRARY = "libc++";
				CLANG_ENABLE_MODULES = YES;
				CLANG_ENABLE_OBJC_ARC = YES;
				CLANG_ENABLE_OBJC_WEAK = YES;
				CLANG_WARN_BLOCK_CAPTURE_AUTORELEASING = YES;
				CLANG_WARN_BOOL_CONVERSION = YES;
				CLANG_WARN_COMMA = YES;
				CLANG_WARN_CONSTANT_CONVERSION = YES;
				CLANG_WARN_DEPRECATED_OBJC_IMPLEMENTATIONS = YES;
				CLANG_WARN_DIRECT_OBJC_ISA_USAGE = YES_ERROR;
				CLANG_WARN_DOCUMENTATION_COMMENTS = YES;
				CLANG_WARN_EMPTY_BODY = YES;
				CLANG_WARN_ENUM_CONVERSION = YES;
				CLANG_WARN_INFINITE_RECURSION = YES;
				CLANG_WARN_INT_CONVERSION = YES;
				CLANG_WARN_NON_LITERAL_NULL_CONVERSION = YES;
				CLANG_WARN_OBJC_IMPLICIT_RETAIN_SELF = YES;
				CLANG_WARN_OBJC_LITERAL_CONVERSION = YES;
				CLANG_WARN_OBJC_ROOT_CLASS = YES_ERROR;
				CLANG_WARN_RANGE_LOOP_ANALYSIS = YES;
				CLANG_WARN_STRICT_PROTOTYPES = YES;
				CLANG_WARN_SUSPICIOUS_MOVE = YES;
				CLANG_WARN_UNGUARDED_AVAILABILITY = YES_AGGRESSIVE;
				CLANG_WARN_UNREACHABLE_CODE = YES;
				CLANG_WARN__DUPLICATE_METHOD_MATCH = YES;
				CODE_SIGN_IDENTITY = "iPhone Developer";
				COPY_PHASE_STRIP = NO;
				DEBUG_INFORMATION_FORMAT = "dwarf-with-dsym";
				ENABLE_NS_ASSERTIONS = NO;
				ENABLE_STRICT_OBJC_MSGSEND = YES;
				GCC_C_LANGUAGE_STANDARD = gnu11;
				GCC_NO_COMMON_BLOCKS = YES;
				GCC_WARN_64_TO_32_BIT_CONVERSION = YES;
				GCC_WARN_ABOUT_RETURN_TYPE = YES_ERROR;
				GCC_WARN_UNDECLARED_SELECTOR = YES;
				GCC_WARN_UNINITIALIZED_AUTOS = YES_AGGRESSIVE;
				GCC_WARN_UNUSED_FUNCTION = YES;
				GCC_WARN_UNUSED_VARIABLE = YES;
				IPHONEOS_DEPLOYMENT_TARGET = 12.1;
				MTL_ENABLE_DEBUG_INFO = NO;
				MTL_FAST_MATH = YES;
				SDKROOT = iphoneos;
				SWIFT_COMPILATION_MODE = wholemodule;
				SWIFT_OPTIMIZATION_LEVEL = "-O";
				VALIDATE_PRODUCT = YES;
			};
			name = Release;
		};
		2C46A61021EF150900B53C12 /* Debug */ = {
			isa = XCBuildConfiguration;
			buildSettings = {
				ASSETCATALOG_COMPILER_APPICON_NAME = AppIcon;
				CODE_SIGN_STYLE = Automatic;
				DEVELOPMENT_TEAM = SA8S3TPST5;
				FRAMEWORK_SEARCH_PATHS = (
					"$(inherited)",
					"$(PROJECT_DIR)/Carthage/Build/iOS",
				);
				INFOPLIST_FILE = ExampleTODO/Info.plist;
				LD_RUNPATH_SEARCH_PATHS = (
					"$(inherited)",
					"@executable_path/Frameworks",
				);
				PRODUCT_BUNDLE_IDENTIFIER = org.heung.ExampleTODO;
				PRODUCT_NAME = "$(TARGET_NAME)";
				SWIFT_VERSION = 4.2;
				TARGETED_DEVICE_FAMILY = "1,2";
			};
			name = Debug;
		};
		2C46A61121EF150900B53C12 /* Release */ = {
			isa = XCBuildConfiguration;
			buildSettings = {
				ASSETCATALOG_COMPILER_APPICON_NAME = AppIcon;
				CODE_SIGN_STYLE = Automatic;
				DEVELOPMENT_TEAM = SA8S3TPST5;
				FRAMEWORK_SEARCH_PATHS = (
					"$(inherited)",
					"$(PROJECT_DIR)/Carthage/Build/iOS",
				);
				INFOPLIST_FILE = ExampleTODO/Info.plist;
				LD_RUNPATH_SEARCH_PATHS = (
					"$(inherited)",
					"@executable_path/Frameworks",
				);
				PRODUCT_BUNDLE_IDENTIFIER = org.heung.ExampleTODO;
				PRODUCT_NAME = "$(TARGET_NAME)";
				SWIFT_VERSION = 4.2;
				TARGETED_DEVICE_FAMILY = "1,2";
			};
			name = Release;
		};
		2C46A61321EF150900B53C12 /* Debug */ = {
			isa = XCBuildConfiguration;
			buildSettings = {
				ALWAYS_EMBED_SWIFT_STANDARD_LIBRARIES = YES;
				BUNDLE_LOADER = "$(TEST_HOST)";
				CODE_SIGN_STYLE = Automatic;
				DEVELOPMENT_TEAM = SA8S3TPST5;
				FRAMEWORK_SEARCH_PATHS = (
					"$(inherited)",
					"$(PROJECT_DIR)/Carthage/Build/iOS",
				);
				INFOPLIST_FILE = ExampleTODOTests/Info.plist;
				LD_RUNPATH_SEARCH_PATHS = (
					"$(inherited)",
					"@executable_path/Frameworks",
					"@loader_path/Frameworks",
				);
				PRODUCT_BUNDLE_IDENTIFIER = org.heung.ExampleTODOTests;
				PRODUCT_NAME = "$(TARGET_NAME)";
				SWIFT_VERSION = 4.2;
				TARGETED_DEVICE_FAMILY = "1,2";
				TEST_HOST = "$(BUILT_PRODUCTS_DIR)/ExampleTODO.app/ExampleTODO";
			};
			name = Debug;
		};
		2C46A61421EF150900B53C12 /* Release */ = {
			isa = XCBuildConfiguration;
			buildSettings = {
				ALWAYS_EMBED_SWIFT_STANDARD_LIBRARIES = YES;
				BUNDLE_LOADER = "$(TEST_HOST)";
				CODE_SIGN_STYLE = Automatic;
				DEVELOPMENT_TEAM = SA8S3TPST5;
				FRAMEWORK_SEARCH_PATHS = (
					"$(inherited)",
					"$(PROJECT_DIR)/Carthage/Build/iOS",
				);
				INFOPLIST_FILE = ExampleTODOTests/Info.plist;
				LD_RUNPATH_SEARCH_PATHS = (
					"$(inherited)",
					"@executable_path/Frameworks",
					"@loader_path/Frameworks",
				);
				PRODUCT_BUNDLE_IDENTIFIER = org.heung.ExampleTODOTests;
				PRODUCT_NAME = "$(TARGET_NAME)";
				SWIFT_VERSION = 4.2;
				TARGETED_DEVICE_FAMILY = "1,2";
				TEST_HOST = "$(BUILT_PRODUCTS_DIR)/ExampleTODO.app/ExampleTODO";
			};
			name = Release;
		};
		2C46A61621EF150900B53C12 /* Debug */ = {
			isa = XCBuildConfiguration;
			buildSettings = {
				ALWAYS_EMBED_SWIFT_STANDARD_LIBRARIES = YES;
				CODE_SIGN_STYLE = Automatic;
				INFOPLIST_FILE = ExampleTODOUITests/Info.plist;
				LD_RUNPATH_SEARCH_PATHS = (
					"$(inherited)",
					"@executable_path/Frameworks",
					"@loader_path/Frameworks",
				);
				PRODUCT_BUNDLE_IDENTIFIER = org.heung.ExampleTODOUITests;
				PRODUCT_NAME = "$(TARGET_NAME)";
				SWIFT_VERSION = 4.2;
				TARGETED_DEVICE_FAMILY = "1,2";
				TEST_TARGET_NAME = ExampleTODO;
			};
			name = Debug;
		};
		2C46A61721EF150900B53C12 /* Release */ = {
			isa = XCBuildConfiguration;
			buildSettings = {
				ALWAYS_EMBED_SWIFT_STANDARD_LIBRARIES = YES;
				CODE_SIGN_STYLE = Automatic;
				INFOPLIST_FILE = ExampleTODOUITests/Info.plist;
				LD_RUNPATH_SEARCH_PATHS = (
					"$(inherited)",
					"@executable_path/Frameworks",
					"@loader_path/Frameworks",
				);
				PRODUCT_BUNDLE_IDENTIFIER = org.heung.ExampleTODOUITests;
				PRODUCT_NAME = "$(TARGET_NAME)";
				SWIFT_VERSION = 4.2;
				TARGETED_DEVICE_FAMILY = "1,2";
				TEST_TARGET_NAME = ExampleTODO;
			};
			name = Release;
		};
/* End XCBuildConfiguration section */

/* Begin XCConfigurationList section */
		2C46A5E221EF150700B53C12 /* Build configuration list for PBXProject "ExampleTODO" */ = {
			isa = XCConfigurationList;
			buildConfigurations = (
				2C46A60D21EF150900B53C12 /* Debug */,
				2C46A60E21EF150900B53C12 /* Release */,
			);
			defaultConfigurationIsVisible = 0;
			defaultConfigurationName = Release;
		};
		2C46A60F21EF150900B53C12 /* Build configuration list for PBXNativeTarget "ExampleTODO" */ = {
			isa = XCConfigurationList;
			buildConfigurations = (
				2C46A61021EF150900B53C12 /* Debug */,
				2C46A61121EF150900B53C12 /* Release */,
			);
			defaultConfigurationIsVisible = 0;
			defaultConfigurationName = Release;
		};
		2C46A61221EF150900B53C12 /* Build configuration list for PBXNativeTarget "ExampleTODOTests" */ = {
			isa = XCConfigurationList;
			buildConfigurations = (
				2C46A61321EF150900B53C12 /* Debug */,
				2C46A61421EF150900B53C12 /* Release */,
			);
			defaultConfigurationIsVisible = 0;
			defaultConfigurationName = Release;
		};
		2C46A61521EF150900B53C12 /* Build configuration list for PBXNativeTarget "ExampleTODOUITests" */ = {
			isa = XCConfigurationList;
			buildConfigurations = (
				2C46A61621EF150900B53C12 /* Debug */,
				2C46A61721EF150900B53C12 /* Release */,
			);
			defaultConfigurationIsVisible = 0;
			defaultConfigurationName = Release;
		};
/* End XCConfigurationList section */
	};
	rootObject = 2C46A5DF21EF150700B53C12 /* Project object */;
}
